PODS:
  - Agrume (3.2.2)
  - Alamofire (4.7.3)
  - Floaty (4.0.1)
  - Kingfisher (4.8.1)
  - LeanCloud (11.0.1):
    - LeanCloud/Storage (= 11.0.1)
  - LeanCloud/Storage (11.0.1):
    - Alamofire (~> 4.7)
  - SQLite.swift (0.11.5):
    - SQLite.swift/standard (= 0.11.5)
  - SQLite.swift/standard (0.11.5)
  - WechatOpenSDK (1.7.9)

DEPENDENCIES:
  - Agrume (from `https://github.com/JanGorman/Agrume.git`)
  - Floaty (~> 4.0.1)
  - Kingfisher (~> 4.8.1)
  - LeanCloud (~> 11.0.1)
  - SQLite.swift (~> 0.11.5)
  - WechatOpenSDK

SPEC REPOS:
  https://github.com/cocoapods/specs.git:
    - Alamofire
    - Floaty
    - Kingfisher
    - LeanCloud
    - SQLite.swift
    - WechatOpenSDK

EXTERNAL SOURCES:
  Agrume:
    :git: https://github.com/JanGorman/Agrume.git

CHECKOUT OPTIONS:
  Agrume:
    :commit: c66d07d5d1116ea2dbc141f39209cdc95cf34af7
    :git: https://github.com/JanGorman/Agrume.git

SPEC CHECKSUMS:
  Agrume: 0f0308f2ce60fca0acf234cab1ae3cf7468b9168
  Alamofire: c7287b6e5d7da964a70935e5db17046b7fde6568
  Floaty: 82854e1a5ef4fa208281ebd4da2f3d1e51ba67a6
  Kingfisher: 868c1149679a7ab6869be118faa9b5aed154aaf0
  LeanCloud: f9776746a4cd62bdb441f2768017a91c9516d219
  SQLite.swift: 6e5356850bb1791459f8c16d6ee9195b28714a2e
  WechatOpenSDK: 1fe7e3b07db860d6a936c3ff4a5aba6b890958d9

PODFILE CHECKSUM: bb6d5a2e4516d4c8a2c2ceca20fd59c1c67a28a6

COCOAPODS: 1.5.3
